
Microsoft Visual Studio Solution File, Format Version 12.00
# Visual Studio Version 16
VisualStudioVersion = 16.0.32630.194
MinimumVisualStudioVersion = 10.0.40219.1
Project("{E24C65DC-7377-472B-9ABA-BC803B73C61A}") = "WebSitePlantillas", "WebSitePlantillas\", "{33B53AD1-E525-419F-BD62-3689D47B86C2}"
	ProjectSection(WebsiteProperties) = preProject
		TargetFrameworkMoniker = ".NETFramework,Version%3Dv4.6.1"
		Debug.AspNetCompiler.VirtualPath = "/localhost_57962"
		Debug.AspNetCompiler.PhysicalPath = "WebSitePlantillas\"
		Debug.AspNetCompiler.TargetPath = "PrecompiledWeb\localhost_57962\"
		Debug.AspNetCompiler.Updateable = "true"
		Debug.AspNetCompiler.ForceOverwrite = "true"
		Debug.AspNetCompiler.FixedNames = "false"
		Debug.AspNetCompiler.Debug = "True"
		Release.AspNetCompiler.VirtualPath = "/localhost_57962"
		Release.AspNetCompiler.PhysicalPath = "WebSitePlantillas\"
		Release.AspNetCompiler.TargetPath = "PrecompiledWeb\localhost_57962\"
		Release.AspNetCompiler.Updateable = "true"
		Release.AspNetCompiler.ForceOverwrite = "true"
		Release.AspNetCompiler.FixedNames = "false"
		Release.AspNetCompiler.Debug = "False"
		VWDPort = "57962"
		SlnRelativePath = "WebSitePlantillas\"
		DefaultWebSiteLanguage = "Visual C#"
	EndProjectSection
EndProject
Global
	GlobalSection(SolutionConfigurationPlatforms) = preSolution
		Debug|Any CPU = Debug|Any CPU
	EndGlobalSection
	GlobalSection(ProjectConfigurationPlatforms) = postSolution
		{33B53AD1-E525-419F-BD62-3689D47B86C2}.Debug|Any CPU.ActiveCfg = Debug|Any CPU
		{33B53AD1-E525-419F-BD62-3689D47B86C2}.Debug|Any CPU.Build.0 = Debug|Any CPU
	EndGlobalSection
	GlobalSection(SolutionProperties) = preSolution
		HideSolutionNode = FALSE
	EndGlobalSection
	GlobalSection(ExtensibilityGlobals) = postSolution
		SolutionGuid = {929EC685-13B9-4C47-A9CF-9B414A95BF9C}
	EndGlobalSection
EndGlobal
